# THIS IS AN AUTOGENERATED FILE. DO NOT EDIT THIS FILE DIRECTLY.
# yarn lockfile v1


"@esbuild-kit/cjs-loader@^2.4.2":
  version "2.4.2"
  resolved "https://registry.yarnpkg.com/@esbuild-kit/cjs-loader/-/cjs-loader-2.4.2.tgz#cb4dde00fbf744a68c4f20162ea15a8242d0fa54"
  integrity sha512-BDXFbYOJzT/NBEtp71cvsrGPwGAMGRB/349rwKuoxNSiKjPraNNnlK6MIIabViCjqZugu6j+xeMDlEkWdHHJSg==
  dependencies:
    "@esbuild-kit/core-utils" "^3.0.0"
    get-tsconfig "^4.4.0"

"@esbuild-kit/core-utils@^3.0.0":
  version "3.1.0"
  resolved "https://registry.yarnpkg.com/@esbuild-kit/core-utils/-/core-utils-3.1.0.tgz#49945d533dbd5e1b7620aa0fc522c15e6ec089c5"
  integrity sha512-Uuk8RpCg/7fdHSceR1M6XbSZFSuMrxcePFuGgyvsBn+u339dk5OeL4jv2EojwTN2st/unJGsVm4qHWjWNmJ/tw==
  dependencies:
    esbuild "~0.17.6"
    source-map-support "^0.5.21"

"@esbuild-kit/esm-loader@^2.5.5":
  version "2.5.5"
  resolved "https://registry.yarnpkg.com/@esbuild-kit/esm-loader/-/esm-loader-2.5.5.tgz#b82da14fcee3fc1d219869756c06f43f67d1ca71"
  integrity sha512-Qwfvj/qoPbClxCRNuac1Du01r9gvNOT+pMYtJDapfB1eoGN1YlJ1BixLyL9WVENRx5RXgNLdfYdx/CuswlGhMw==
  dependencies:
    "@esbuild-kit/core-utils" "^3.0.0"
    get-tsconfig "^4.4.0"

"@esbuild/android-arm64@0.17.19":
  version "0.17.19"
  resolved "https://registry.yarnpkg.com/@esbuild/android-arm64/-/android-arm64-0.17.19.tgz#bafb75234a5d3d1b690e7c2956a599345e84a2fd"
  integrity sha512-KBMWvEZooR7+kzY0BtbTQn0OAYY7CsiydT63pVEaPtVYF0hXbUaOyZog37DKxK7NF3XacBJOpYT4adIJh+avxA==

"@esbuild/android-arm@0.17.19":
  version "0.17.19"
  resolved "https://registry.yarnpkg.com/@esbuild/android-arm/-/android-arm-0.17.19.tgz#5898f7832c2298bc7d0ab53701c57beb74d78b4d"
  integrity sha512-rIKddzqhmav7MSmoFCmDIb6e2W57geRsM94gV2l38fzhXMwq7hZoClug9USI2pFRGL06f4IOPHHpFNOkWieR8A==

"@esbuild/android-x64@0.17.19":
  version "0.17.19"
  resolved "https://registry.yarnpkg.com/@esbuild/android-x64/-/android-x64-0.17.19.tgz#658368ef92067866d95fb268719f98f363d13ae1"
  integrity sha512-uUTTc4xGNDT7YSArp/zbtmbhO0uEEK9/ETW29Wk1thYUJBz3IVnvgEiEwEa9IeLyvnpKrWK64Utw2bgUmDveww==

"@esbuild/darwin-arm64@0.17.19":
  version "0.17.19"
  resolved "https://registry.yarnpkg.com/@esbuild/darwin-arm64/-/darwin-arm64-0.17.19.tgz#584c34c5991b95d4d48d333300b1a4e2ff7be276"
  integrity sha512-80wEoCfF/hFKM6WE1FyBHc9SfUblloAWx6FJkFWTWiCoht9Mc0ARGEM47e67W9rI09YoUxJL68WHfDRYEAvOhg==

"@esbuild/darwin-x64@0.17.19":
  version "0.17.19"
  resolved "https://registry.yarnpkg.com/@esbuild/darwin-x64/-/darwin-x64-0.17.19.tgz#7751d236dfe6ce136cce343dce69f52d76b7f6cb"
  integrity sha512-IJM4JJsLhRYr9xdtLytPLSH9k/oxR3boaUIYiHkAawtwNOXKE8KoU8tMvryogdcT8AU+Bflmh81Xn6Q0vTZbQw==

"@esbuild/freebsd-arm64@0.17.19":
  version "0.17.19"
  resolved "https://registry.yarnpkg.com/@esbuild/freebsd-arm64/-/freebsd-arm64-0.17.19.tgz#cacd171665dd1d500f45c167d50c6b7e539d5fd2"
  integrity sha512-pBwbc7DufluUeGdjSU5Si+P3SoMF5DQ/F/UmTSb8HXO80ZEAJmrykPyzo1IfNbAoaqw48YRpv8shwd1NoI0jcQ==

"@esbuild/freebsd-x64@0.17.19":
  version "0.17.19"
  resolved "https://registry.yarnpkg.com/@esbuild/freebsd-x64/-/freebsd-x64-0.17.19.tgz#0769456eee2a08b8d925d7c00b79e861cb3162e4"
  integrity sha512-4lu+n8Wk0XlajEhbEffdy2xy53dpR06SlzvhGByyg36qJw6Kpfk7cp45DR/62aPH9mtJRmIyrXAS5UWBrJT6TQ==

"@esbuild/linux-arm64@0.17.19":
  version "0.17.19"
  resolved "https://registry.yarnpkg.com/@esbuild/linux-arm64/-/linux-arm64-0.17.19.tgz#38e162ecb723862c6be1c27d6389f48960b68edb"
  integrity sha512-ct1Tg3WGwd3P+oZYqic+YZF4snNl2bsnMKRkb3ozHmnM0dGWuxcPTTntAF6bOP0Sp4x0PjSF+4uHQ1xvxfRKqg==

"@esbuild/linux-arm@0.17.19":
  version "0.17.19"
  resolved "https://registry.yarnpkg.com/@esbuild/linux-arm/-/linux-arm-0.17.19.tgz#1a2cd399c50040184a805174a6d89097d9d1559a"
  integrity sha512-cdmT3KxjlOQ/gZ2cjfrQOtmhG4HJs6hhvm3mWSRDPtZ/lP5oe8FWceS10JaSJC13GBd4eH/haHnqf7hhGNLerA==

"@esbuild/linux-ia32@0.17.19":
  version "0.17.19"
  resolved "https://registry.yarnpkg.com/@esbuild/linux-ia32/-/linux-ia32-0.17.19.tgz#e28c25266b036ce1cabca3c30155222841dc035a"
  integrity sha512-w4IRhSy1VbsNxHRQpeGCHEmibqdTUx61Vc38APcsRbuVgK0OPEnQ0YD39Brymn96mOx48Y2laBQGqgZ0j9w6SQ==

"@esbuild/linux-loong64@0.17.19":
  version "0.17.19"
  resolved "https://registry.yarnpkg.com/@esbuild/linux-loong64/-/linux-loong64-0.17.19.tgz#0f887b8bb3f90658d1a0117283e55dbd4c9dcf72"
  integrity sha512-2iAngUbBPMq439a+z//gE+9WBldoMp1s5GWsUSgqHLzLJ9WoZLZhpwWuym0u0u/4XmZ3gpHmzV84PonE+9IIdQ==

"@esbuild/linux-mips64el@0.17.19":
  version "0.17.19"
  resolved "https://registry.yarnpkg.com/@esbuild/linux-mips64el/-/linux-mips64el-0.17.19.tgz#f5d2a0b8047ea9a5d9f592a178ea054053a70289"
  integrity sha512-LKJltc4LVdMKHsrFe4MGNPp0hqDFA1Wpt3jE1gEyM3nKUvOiO//9PheZZHfYRfYl6AwdTH4aTcXSqBerX0ml4A==

"@esbuild/linux-ppc64@0.17.19":
  version "0.17.19"
  resolved "https://registry.yarnpkg.com/@esbuild/linux-ppc64/-/linux-ppc64-0.17.19.tgz#876590e3acbd9fa7f57a2c7d86f83717dbbac8c7"
  integrity sha512-/c/DGybs95WXNS8y3Ti/ytqETiW7EU44MEKuCAcpPto3YjQbyK3IQVKfF6nbghD7EcLUGl0NbiL5Rt5DMhn5tg==

"@esbuild/linux-riscv64@0.17.19":
  version "0.17.19"
  resolved "https://registry.yarnpkg.com/@esbuild/linux-riscv64/-/linux-riscv64-0.17.19.tgz#7f49373df463cd9f41dc34f9b2262d771688bf09"
  integrity sha512-FC3nUAWhvFoutlhAkgHf8f5HwFWUL6bYdvLc/TTuxKlvLi3+pPzdZiFKSWz/PF30TB1K19SuCxDTI5KcqASJqA==

"@esbuild/linux-s390x@0.17.19":
  version "0.17.19"
  resolved "https://registry.yarnpkg.com/@esbuild/linux-s390x/-/linux-s390x-0.17.19.tgz#e2afd1afcaf63afe2c7d9ceacd28ec57c77f8829"
  integrity sha512-IbFsFbxMWLuKEbH+7sTkKzL6NJmG2vRyy6K7JJo55w+8xDk7RElYn6xvXtDW8HCfoKBFK69f3pgBJSUSQPr+4Q==

"@esbuild/linux-x64@0.17.19":
  version "0.17.19"
  resolved "https://registry.yarnpkg.com/@esbuild/linux-x64/-/linux-x64-0.17.19.tgz#8a0e9738b1635f0c53389e515ae83826dec22aa4"
  integrity sha512-68ngA9lg2H6zkZcyp22tsVt38mlhWde8l3eJLWkyLrp4HwMUr3c1s/M2t7+kHIhvMjglIBrFpncX1SzMckomGw==

"@esbuild/netbsd-x64@0.17.19":
  version "0.17.19"
  resolved "https://registry.yarnpkg.com/@esbuild/netbsd-x64/-/netbsd-x64-0.17.19.tgz#c29fb2453c6b7ddef9a35e2c18b37bda1ae5c462"
  integrity sha512-CwFq42rXCR8TYIjIfpXCbRX0rp1jo6cPIUPSaWwzbVI4aOfX96OXY8M6KNmtPcg7QjYeDmN+DD0Wp3LaBOLf4Q==

"@esbuild/openbsd-x64@0.17.19":
  version "0.17.19"
  resolved "https://registry.yarnpkg.com/@esbuild/openbsd-x64/-/openbsd-x64-0.17.19.tgz#95e75a391403cb10297280d524d66ce04c920691"
  integrity sha512-cnq5brJYrSZ2CF6c35eCmviIN3k3RczmHz8eYaVlNasVqsNY+JKohZU5MKmaOI+KkllCdzOKKdPs762VCPC20g==

"@esbuild/sunos-x64@0.17.19":
  version "0.17.19"
  resolved "https://registry.yarnpkg.com/@esbuild/sunos-x64/-/sunos-x64-0.17.19.tgz#722eaf057b83c2575937d3ffe5aeb16540da7273"
  integrity sha512-vCRT7yP3zX+bKWFeP/zdS6SqdWB8OIpaRq/mbXQxTGHnIxspRtigpkUcDMlSCOejlHowLqII7K2JKevwyRP2rg==

"@esbuild/win32-arm64@0.17.19":
  version "0.17.19"
  resolved "https://registry.yarnpkg.com/@esbuild/win32-arm64/-/win32-arm64-0.17.19.tgz#9aa9dc074399288bdcdd283443e9aeb6b9552b6f"
  integrity sha512-yYx+8jwowUstVdorcMdNlzklLYhPxjniHWFKgRqH7IFlUEa0Umu3KuYplf1HUZZ422e3NU9F4LGb+4O0Kdcaag==

"@esbuild/win32-ia32@0.17.19":
  version "0.17.19"
  resolved "https://registry.yarnpkg.com/@esbuild/win32-ia32/-/win32-ia32-0.17.19.tgz#95ad43c62ad62485e210f6299c7b2571e48d2b03"
  integrity sha512-eggDKanJszUtCdlVs0RB+h35wNlb5v4TWEkq4vZcmVt5u/HiDZrTXe2bWFQUez3RgNHwx/x4sk5++4NSSicKkw==

"@esbuild/win32-x64@0.17.19":
  version "0.17.19"
  resolved "https://registry.yarnpkg.com/@esbuild/win32-x64/-/win32-x64-0.17.19.tgz#8cfaf2ff603e9aabb910e9c0558c26cf32744061"
  integrity sha512-lAhycmKnVOuRYNtRtatQR1LPQf2oYCkRGkSFnseDAKPl8lu5SOsK/e1sXe5a0Pc5kHIHe6P2I/ilntNv2xf3cA==

"@types/acorn@^4.0.0":
  version "4.0.6"
  resolved "https://registry.yarnpkg.com/@types/acorn/-/acorn-4.0.6.tgz#d61ca5480300ac41a7d973dd5b84d0a591154a22"
  integrity sha512-veQTnWP+1D/xbxVrPC3zHnCZRjSrKfhbMUlEA43iMZLu7EsnTtkJklIuwrCPbOi8YkvDQAiW05VQQFvvz9oieQ==
  dependencies:
    "@types/estree" "*"

"@types/debug@^4.0.0":
  version "4.1.8"
  resolved "https://registry.yarnpkg.com/@types/debug/-/debug-4.1.8.tgz#cef723a5d0a90990313faec2d1e22aee5eecb317"
  integrity sha512-/vPO1EPOs306Cvhwv7KfVfYvOJqA/S/AXjaHQiJboCZzcNDb+TIJFN9/2C9DZ//ijSKWioNyUxD792QmDJ+HKQ==
  dependencies:
    "@types/ms" "*"

"@types/estree-jsx@^1.0.0":
  version "1.0.0"
  resolved "https://registry.yarnpkg.com/@types/estree-jsx/-/estree-jsx-1.0.0.tgz#7bfc979ab9f692b492017df42520f7f765e98df1"
  integrity sha512-3qvGd0z8F2ENTGr/GG1yViqfiKmRfrXVx5sJyHGFu3z7m5g5utCQtGp/g29JnjflhtQJBv1WDQukHiT58xPcYQ==
  dependencies:
    "@types/estree" "*"

"@types/estree@*", "@types/estree@^1.0.0":
  version "1.0.1"
  resolved "https://registry.yarnpkg.com/@types/estree/-/estree-1.0.1.tgz#aa22750962f3bf0e79d753d3cc067f010c95f194"
  integrity sha512-LG4opVs2ANWZ1TJoKc937iMmNstM/d0ae1vNbnBvBhqCSezgVUOzcLCqbI5elV8Vy6WKwKjaqR+zO9VKirBBCA==

"@types/ms@*":
  version "0.7.31"
  resolved "https://registry.yarnpkg.com/@types/ms/-/ms-0.7.31.tgz#31b7ca6407128a3d2bbc27fe2d21b345397f6197"
  integrity sha512-iiUgKzV9AuaEkZqkOLDIvlQiL6ltuZd9tGcW3gwpnX8JbuiuhFlEGmmFXEXkN50Cvq7Os88IY2v0dkDqXYWVgA==

"@types/unist@^2.0.0":
  version "2.0.6"
  resolved "https://registry.yarnpkg.com/@types/unist/-/unist-2.0.6.tgz#250a7b16c3b91f672a24552ec64678eeb1d3a08d"
  integrity sha512-PBjIUxZHOuj0R15/xuwJYjFi+KZdNFrehocChv4g5hu6aFroHue8m0lBP0POdK2nKzbw0cgV1mws8+V/JAcEkQ==

buffer-from@^1.0.0:
  version "1.1.2"
  resolved "https://registry.yarnpkg.com/buffer-from/-/buffer-from-1.1.2.tgz#2b146a6fd72e80b4f55d255f35ed59a3a9a41bd5"
  integrity sha512-E+XQCRwSbaaiChtv6k6Dwgc+bx+Bs6vuKJHHl5kox/BaKbhiXzqQOwK4cO22yElGp2OCmjwVhT3HmxgyPGnJfQ==

character-entities@^2.0.0:
  version "2.0.2"
  resolved "https://registry.yarnpkg.com/character-entities/-/character-entities-2.0.2.tgz#2d09c2e72cd9523076ccb21157dff66ad43fcc22"
  integrity sha512-shx7oQ0Awen/BRIdkjkvz54PnEEI/EjwXDSIZp86/KKdbafHh1Df/RYGBhn4hbe2+uKC9FnT5UCEdyPz3ai9hQ==

debug@^4.0.0:
  version "4.3.4"
  resolved "https://registry.yarnpkg.com/debug/-/debug-4.3.4.tgz#1319f6579357f2338d3337d2cdd4914bb5dcc865"
  integrity sha512-PRWFHuSU3eDtQJPvnNY7Jcket1j0t5OuOsFzPPzsekD52Zl8qUfFIPEiswXqIvHWGVHOgX+7G/vCNNhehwxfkQ==
  dependencies:
    ms "2.1.2"

decode-named-character-reference@^1.0.0:
  version "1.0.2"
  resolved "https://registry.yarnpkg.com/decode-named-character-reference/-/decode-named-character-reference-1.0.2.tgz#daabac9690874c394c81e4162a0304b35d824f0e"
  integrity sha512-O8x12RzrUF8xyVcY0KJowWsmaJxQbmy0/EtnNtHRpsOcT7dFk5W598coHqBVpmWo1oQQfsCqfCmkZN5DJrZVdg==
  dependencies:
    character-entities "^2.0.0"

dequal@^2.0.0:
  version "2.0.3"
  resolved "https://registry.yarnpkg.com/dequal/-/dequal-2.0.3.tgz#2644214f1997d39ed0ee0ece72335490a7ac67be"
  integrity sha512-0je+qPKHEMohvfRTCEo3CrPG6cAzAYgmzKyxRiYSSDkS6eGJdyVJm7WaYA5ECaAD9wLB2T4EEeymA5aFVcYXCA==

diff@^5.0.0:
  version "5.1.0"
  resolved "https://registry.yarnpkg.com/diff/-/diff-5.1.0.tgz#bc52d298c5ea8df9194800224445ed43ffc87e40"
  integrity sha512-D+mk+qE8VC/PAUrlAU34N+VfXev0ghe5ywmpqrawphmVZc1bEfn56uo9qpyGp1p4xpzOHkSW4ztBd6L7Xx4ACw==

esbuild@~0.17.6:
  version "0.17.19"
  resolved "https://registry.yarnpkg.com/esbuild/-/esbuild-0.17.19.tgz#087a727e98299f0462a3d0bcdd9cd7ff100bd955"
  integrity sha512-XQ0jAPFkK/u3LcVRcvVHQcTIqD6E2H1fvZMA5dQPSOWb3suUbWbfbRf94pjc0bNzRYLfIrDRQXr7X+LHIm5oHw==
  optionalDependencies:
    "@esbuild/android-arm" "0.17.19"
    "@esbuild/android-arm64" "0.17.19"
    "@esbuild/android-x64" "0.17.19"
    "@esbuild/darwin-arm64" "0.17.19"
    "@esbuild/darwin-x64" "0.17.19"
    "@esbuild/freebsd-arm64" "0.17.19"
    "@esbuild/freebsd-x64" "0.17.19"
    "@esbuild/linux-arm" "0.17.19"
    "@esbuild/linux-arm64" "0.17.19"
    "@esbuild/linux-ia32" "0.17.19"
    "@esbuild/linux-loong64" "0.17.19"
    "@esbuild/linux-mips64el" "0.17.19"
    "@esbuild/linux-ppc64" "0.17.19"
    "@esbuild/linux-riscv64" "0.17.19"
    "@esbuild/linux-s390x" "0.17.19"
    "@esbuild/linux-x64" "0.17.19"
    "@esbuild/netbsd-x64" "0.17.19"
    "@esbuild/openbsd-x64" "0.17.19"
    "@esbuild/sunos-x64" "0.17.19"
    "@esbuild/win32-arm64" "0.17.19"
    "@esbuild/win32-ia32" "0.17.19"
    "@esbuild/win32-x64" "0.17.19"

estree-util-is-identifier-name@^2.0.0:
  version "2.1.0"
  resolved "https://registry.yarnpkg.com/estree-util-is-identifier-name/-/estree-util-is-identifier-name-2.1.0.tgz#fb70a432dcb19045e77b05c8e732f1364b4b49b2"
  integrity sha512-bEN9VHRyXAUOjkKVQVvArFym08BTWB0aJPppZZr0UNyAqWsLaVfAqP7hbaTJjzHifmB5ebnR8Wm7r7yGN/HonQ==

estree-util-visit@^1.0.0:
  version "1.2.1"
  resolved "https://registry.yarnpkg.com/estree-util-visit/-/estree-util-visit-1.2.1.tgz#8bc2bc09f25b00827294703835aabee1cc9ec69d"
  integrity sha512-xbgqcrkIVbIG+lI/gzbvd9SGTJL4zqJKBFttUl5pP27KhAjtMKbX/mQXJ7qgyXpMgVy/zvpm0xoQQaGL8OloOw==
  dependencies:
    "@types/estree-jsx" "^1.0.0"
    "@types/unist" "^2.0.0"

fsevents@~2.3.2:
  version "2.3.2"
  resolved "https://registry.yarnpkg.com/fsevents/-/fsevents-2.3.2.tgz#8a526f78b8fdf4623b709e0b975c52c24c02fd1a"
  integrity sha512-xiqMQR4xAeHTuB9uWm+fFRcIOgKBMiOBP+eXiyT7jsgVCq1bkVygt00oASowB7EdtpOHaaPgKt812P9ab+DDKA==

get-tsconfig@^4.4.0:
  version "4.6.0"
  resolved "https://registry.yarnpkg.com/get-tsconfig/-/get-tsconfig-4.6.0.tgz#e977690993a42f3e320e932427502a40f7af6d05"
  integrity sha512-lgbo68hHTQnFddybKbbs/RDRJnJT5YyGy2kQzVwbq+g67X73i+5MVTval34QxGkOe9X5Ujf1UYpCaphLyltjEg==
  dependencies:
    resolve-pkg-maps "^1.0.0"

kleur@^4.0.3:
  version "4.1.5"
  resolved "https://registry.yarnpkg.com/kleur/-/kleur-4.1.5.tgz#95106101795f7050c6c650f350c683febddb1780"
  integrity sha512-o+NO+8WrRiQEE4/7nwRJhN1HWpVmJm511pBHUxPLtp0BUISzlBplORYSmTclCnJvQq2tKu/sgl3xVpkc7ZWuQQ==

micromark-core-commonmark@^1.0.1:
  version "1.1.0"
  resolved "https://registry.yarnpkg.com/micromark-core-commonmark/-/micromark-core-commonmark-1.1.0.tgz#1386628df59946b2d39fb2edfd10f3e8e0a75bb8"
  integrity sha512-BgHO1aRbolh2hcrzL2d1La37V0Aoz73ymF8rAcKnohLy93titmv62E0gP8Hrx9PKcKrqCZ1BbLGbP3bEhoXYlw==
  dependencies:
    decode-named-character-reference "^1.0.0"
    micromark-factory-destination "^1.0.0"
    micromark-factory-label "^1.0.0"
    micromark-factory-space "^1.0.0"
    micromark-factory-title "^1.0.0"
    micromark-factory-whitespace "^1.0.0"
    micromark-util-character "^1.0.0"
    micromark-util-chunked "^1.0.0"
    micromark-util-classify-character "^1.0.0"
    micromark-util-html-tag-name "^1.0.0"
    micromark-util-normalize-identifier "^1.0.0"
    micromark-util-resolve-all "^1.0.0"
    micromark-util-subtokenize "^1.0.0"
    micromark-util-symbol "^1.0.0"
    micromark-util-types "^1.0.1"
    uvu "^0.5.0"

micromark-extension-mdx-expression@^1.0.0:
  version "1.0.8"
  resolved "https://registry.yarnpkg.com/micromark-extension-mdx-expression/-/micromark-extension-mdx-expression-1.0.8.tgz#5bc1f5fd90388e8293b3ef4f7c6f06c24aff6314"
  integrity sha512-zZpeQtc5wfWKdzDsHRBY003H2Smg+PUi2REhqgIhdzAa5xonhP03FcXxqFSerFiNUr5AWmHpaNPQTBVOS4lrXw==
  dependencies:
    "@types/estree" "^1.0.0"
    micromark-factory-mdx-expression "^1.0.0"
    micromark-factory-space "^1.0.0"
    micromark-util-character "^1.0.0"
    micromark-util-events-to-acorn "^1.0.0"
    micromark-util-symbol "^1.0.0"
    micromark-util-types "^1.0.0"
    uvu "^0.5.0"

micromark-extension-mdx-jsx@^1.0.0:
  version "1.0.5"
  resolved "https://registry.yarnpkg.com/micromark-extension-mdx-jsx/-/micromark-extension-mdx-jsx-1.0.5.tgz#e72d24b7754a30d20fb797ece11e2c4e2cae9e82"
  integrity sha512-gPH+9ZdmDflbu19Xkb8+gheqEDqkSpdCEubQyxuz/Hn8DOXiXvrXeikOoBA71+e8Pfi0/UYmU3wW3H58kr7akA==
  dependencies:
    "@types/acorn" "^4.0.0"
    "@types/estree" "^1.0.0"
    estree-util-is-identifier-name "^2.0.0"
    micromark-factory-mdx-expression "^1.0.0"
    micromark-factory-space "^1.0.0"
    micromark-util-character "^1.0.0"
    micromark-util-symbol "^1.0.0"
    micromark-util-types "^1.0.0"
    uvu "^0.5.0"
    vfile-message "^3.0.0"

micromark-extension-mdx-md@^1.0.0:
  version "1.0.1"
  resolved "https://registry.yarnpkg.com/micromark-extension-mdx-md/-/micromark-extension-mdx-md-1.0.1.tgz#595d4b2f692b134080dca92c12272ab5b74c6d1a"
  integrity sha512-7MSuj2S7xjOQXAjjkbjBsHkMtb+mDGVW6uI2dBL9snOBCbZmoNgDAeZ0nSn9j3T42UE/g2xVNMn18PJxZvkBEA==
  dependencies:
    micromark-util-types "^1.0.0"

micromark-extension-mdx@^1.0.1:
  version "1.0.1"
  resolved "https://registry.yarnpkg.com/micromark-extension-mdx/-/micromark-extension-mdx-1.0.1.tgz#c5a160e4674e4c163e8d8a307953666132d99ac3"
  integrity sha512-bfKGK9OmHFijSvyg+Dp6+EIVbwPL5lCPNMKEFnU2VROnUJR4MXlixmYhbf83YNdqYBQ4X+X0PJgeRIlMUAPRpQ==
  dependencies:
    micromark-extension-mdx-expression "^1.0.0"
    micromark-extension-mdx-jsx "^1.0.0"
    micromark-extension-mdx-md "^1.0.0"
    micromark-util-combine-extensions "^1.0.0"
    micromark-util-types "^1.0.0"

micromark-factory-destination@^1.0.0:
  version "1.1.0"
  resolved "https://registry.yarnpkg.com/micromark-factory-destination/-/micromark-factory-destination-1.1.0.tgz#eb815957d83e6d44479b3df640f010edad667b9f"
  integrity sha512-XaNDROBgx9SgSChd69pjiGKbV+nfHGDPVYFs5dOoDd7ZnMAE+Cuu91BCpsY8RT2NP9vo/B8pds2VQNCLiu0zhg==
  dependencies:
    micromark-util-character "^1.0.0"
    micromark-util-symbol "^1.0.0"
    micromark-util-types "^1.0.0"

micromark-factory-label@^1.0.0:
  version "1.1.0"
  resolved "https://registry.yarnpkg.com/micromark-factory-label/-/micromark-factory-label-1.1.0.tgz#cc95d5478269085cfa2a7282b3de26eb2e2dec68"
  integrity sha512-OLtyez4vZo/1NjxGhcpDSbHQ+m0IIGnT8BoPamh+7jVlzLJBH98zzuCoUeMxvM6WsNeh8wx8cKvqLiPHEACn0w==
  dependencies:
    micromark-util-character "^1.0.0"
    micromark-util-symbol "^1.0.0"
    micromark-util-types "^1.0.0"
    uvu "^0.5.0"

micromark-factory-mdx-expression@^1.0.0:
  version "1.0.9"
  resolved "https://registry.yarnpkg.com/micromark-factory-mdx-expression/-/micromark-factory-mdx-expression-1.0.9.tgz#57ba4571b69a867a1530f34741011c71c73a4976"
  integrity sha512-jGIWzSmNfdnkJq05c7b0+Wv0Kfz3NJ3N4cBjnbO4zjXIlxJr+f8lk+5ZmwFvqdAbUy2q6B5rCY//g0QAAaXDWA==
  dependencies:
    "@types/estree" "^1.0.0"
    micromark-util-character "^1.0.0"
    micromark-util-events-to-acorn "^1.0.0"
    micromark-util-symbol "^1.0.0"
    micromark-util-types "^1.0.0"
    unist-util-position-from-estree "^1.0.0"
    uvu "^0.5.0"
    vfile-message "^3.0.0"

micromark-factory-space@^1.0.0:
  version "1.1.0"
  resolved "https://registry.yarnpkg.com/micromark-factory-space/-/micromark-factory-space-1.1.0.tgz#c8f40b0640a0150751d3345ed885a080b0d15faf"
  integrity sha512-cRzEj7c0OL4Mw2v6nwzttyOZe8XY/Z8G0rzmWQZTBi/jjwyw/U4uqKtUORXQrR5bAZZnbTI/feRV/R7hc4jQYQ==
  dependencies:
    micromark-util-character "^1.0.0"
    micromark-util-types "^1.0.0"

micromark-factory-title@^1.0.0:
  version "1.1.0"
  resolved "https://registry.yarnpkg.com/micromark-factory-title/-/micromark-factory-title-1.1.0.tgz#dd0fe951d7a0ac71bdc5ee13e5d1465ad7f50ea1"
  integrity sha512-J7n9R3vMmgjDOCY8NPw55jiyaQnH5kBdV2/UXCtZIpnHH3P6nHUKaH7XXEYuWwx/xUJcawa8plLBEjMPU24HzQ==
  dependencies:
    micromark-factory-space "^1.0.0"
    micromark-util-character "^1.0.0"
    micromark-util-symbol "^1.0.0"
    micromark-util-types "^1.0.0"

micromark-factory-whitespace@^1.0.0:
  version "1.1.0"
  resolved "https://registry.yarnpkg.com/micromark-factory-whitespace/-/micromark-factory-whitespace-1.1.0.tgz#798fb7489f4c8abafa7ca77eed6b5745853c9705"
  integrity sha512-v2WlmiymVSp5oMg+1Q0N1Lxmt6pMhIHD457whWM7/GUlEks1hI9xj5w3zbc4uuMKXGisksZk8DzP2UyGbGqNsQ==
  dependencies:
    micromark-factory-space "^1.0.0"
    micromark-util-character "^1.0.0"
    micromark-util-symbol "^1.0.0"
    micromark-util-types "^1.0.0"

micromark-util-character@^1.0.0:
  version "1.2.0"
  resolved "https://registry.yarnpkg.com/micromark-util-character/-/micromark-util-character-1.2.0.tgz#4fedaa3646db249bc58caeb000eb3549a8ca5dcc"
  integrity sha512-lXraTwcX3yH/vMDaFWCQJP1uIszLVebzUa3ZHdrgxr7KEU/9mL4mVgCpGbyhvNLNlauROiNUq7WN5u7ndbY6xg==
  dependencies:
    micromark-util-symbol "^1.0.0"
    micromark-util-types "^1.0.0"

micromark-util-chunked@^1.0.0:
  version "1.1.0"
  resolved "https://registry.yarnpkg.com/micromark-util-chunked/-/micromark-util-chunked-1.1.0.tgz#37a24d33333c8c69a74ba12a14651fd9ea8a368b"
  integrity sha512-Ye01HXpkZPNcV6FiyoW2fGZDUw4Yc7vT0E9Sad83+bEDiCJ1uXu0S3mr8WLpsz3HaG3x2q0HM6CTuPdcZcluFQ==
  dependencies:
    micromark-util-symbol "^1.0.0"

micromark-util-classify-character@^1.0.0:
  version "1.1.0"
  resolved "https://registry.yarnpkg.com/micromark-util-classify-character/-/micromark-util-classify-character-1.1.0.tgz#6a7f8c8838e8a120c8e3c4f2ae97a2bff9190e9d"
  integrity sha512-SL0wLxtKSnklKSUplok1WQFoGhUdWYKggKUiqhX+Swala+BtptGCu5iPRc+xvzJ4PXE/hwM3FNXsfEVgoZsWbw==
  dependencies:
    micromark-util-character "^1.0.0"
    micromark-util-symbol "^1.0.0"
    micromark-util-types "^1.0.0"

micromark-util-combine-extensions@^1.0.0:
  version "1.1.0"
  resolved "https://registry.yarnpkg.com/micromark-util-combine-extensions/-/micromark-util-combine-extensions-1.1.0.tgz#192e2b3d6567660a85f735e54d8ea6e3952dbe84"
  integrity sha512-Q20sp4mfNf9yEqDL50WwuWZHUrCO4fEyeDCnMGmG5Pr0Cz15Uo7KBs6jq+dq0EgX4DPwwrh9m0X+zPV1ypFvUA==
  dependencies:
    micromark-util-chunked "^1.0.0"
    micromark-util-types "^1.0.0"

micromark-util-decode-numeric-character-reference@^1.0.0:
  version "1.1.0"
  resolved "https://registry.yarnpkg.com/micromark-util-decode-numeric-character-reference/-/micromark-util-decode-numeric-character-reference-1.1.0.tgz#b1e6e17009b1f20bc652a521309c5f22c85eb1c6"
  integrity sha512-m9V0ExGv0jB1OT21mrWcuf4QhP46pH1KkfWy9ZEezqHKAxkj4mPCy3nIH1rkbdMlChLHX531eOrymlwyZIf2iw==
  dependencies:
    micromark-util-symbol "^1.0.0"

micromark-util-encode@^1.0.0:
  version "1.1.0"
  resolved "https://registry.yarnpkg.com/micromark-util-encode/-/micromark-util-encode-1.1.0.tgz#92e4f565fd4ccb19e0dcae1afab9a173bbeb19a5"
  integrity sha512-EuEzTWSTAj9PA5GOAs992GzNh2dGQO52UvAbtSOMvXTxv3Criqb6IOzJUBCmEqrrXSblJIJBbFFv6zPxpreiJw==

micromark-util-events-to-acorn@^1.0.0:
  version "1.2.3"
  resolved "https://registry.yarnpkg.com/micromark-util-events-to-acorn/-/micromark-util-events-to-acorn-1.2.3.tgz#a4ab157f57a380e646670e49ddee97a72b58b557"
  integrity sha512-ij4X7Wuc4fED6UoLWkmo0xJQhsktfNh1J0m8g4PbIMPlx+ek/4YdW5mvbye8z/aZvAPUoxgXHrwVlXAPKMRp1w==
  dependencies:
    "@types/acorn" "^4.0.0"
    "@types/estree" "^1.0.0"
    "@types/unist" "^2.0.0"
    estree-util-visit "^1.0.0"
    micromark-util-symbol "^1.0.0"
    micromark-util-types "^1.0.0"
    uvu "^0.5.0"
    vfile-message "^3.0.0"

micromark-util-html-tag-name@^1.0.0:
  version "1.2.0"
  resolved "https://registry.yarnpkg.com/micromark-util-html-tag-name/-/micromark-util-html-tag-name-1.2.0.tgz#48fd7a25826f29d2f71479d3b4e83e94829b3588"
  integrity sha512-VTQzcuQgFUD7yYztuQFKXT49KghjtETQ+Wv/zUjGSGBioZnkA4P1XXZPT1FHeJA6RwRXSF47yvJ1tsJdoxwO+Q==

micromark-util-normalize-identifier@^1.0.0:
  version "1.1.0"
  resolved "https://registry.yarnpkg.com/micromark-util-normalize-identifier/-/micromark-util-normalize-identifier-1.1.0.tgz#7a73f824eb9f10d442b4d7f120fecb9b38ebf8b7"
  integrity sha512-N+w5vhqrBihhjdpM8+5Xsxy71QWqGn7HYNUvch71iV2PM7+E3uWGox1Qp90loa1ephtCxG2ftRV/Conitc6P2Q==
  dependencies:
    micromark-util-symbol "^1.0.0"

micromark-util-resolve-all@^1.0.0:
  version "1.1.0"
  resolved "https://registry.yarnpkg.com/micromark-util-resolve-all/-/micromark-util-resolve-all-1.1.0.tgz#4652a591ee8c8fa06714c9b54cd6c8e693671188"
  integrity sha512-b/G6BTMSg+bX+xVCshPTPyAu2tmA0E4X98NSR7eIbeC6ycCqCeE7wjfDIgzEbkzdEVJXRtOG4FbEm/uGbCRouA==
  dependencies:
    micromark-util-types "^1.0.0"

micromark-util-sanitize-uri@^1.0.0:
  version "1.2.0"
  resolved "https://registry.yarnpkg.com/micromark-util-sanitize-uri/-/micromark-util-sanitize-uri-1.2.0.tgz#613f738e4400c6eedbc53590c67b197e30d7f90d"
  integrity sha512-QO4GXv0XZfWey4pYFndLUKEAktKkG5kZTdUNaTAkzbuJxn2tNBOr+QtxR2XpWaMhbImT2dPzyLrPXLlPhph34A==
  dependencies:
    micromark-util-character "^1.0.0"
    micromark-util-encode "^1.0.0"
    micromark-util-symbol "^1.0.0"

micromark-util-subtokenize@^1.0.0:
  version "1.1.0"
  resolved "https://registry.yarnpkg.com/micromark-util-subtokenize/-/micromark-util-subtokenize-1.1.0.tgz#941c74f93a93eaf687b9054aeb94642b0e92edb1"
  integrity sha512-kUQHyzRoxvZO2PuLzMt2P/dwVsTiivCK8icYTeR+3WgbuPqfHgPPy7nFKbeqRivBvn/3N3GBiNC+JRTMSxEC7A==
  dependencies:
    micromark-util-chunked "^1.0.0"
    micromark-util-symbol "^1.0.0"
    micromark-util-types "^1.0.0"
    uvu "^0.5.0"

micromark-util-symbol@^1.0.0:
  version "1.1.0"
  resolved "https://registry.yarnpkg.com/micromark-util-symbol/-/micromark-util-symbol-1.1.0.tgz#813cd17837bdb912d069a12ebe3a44b6f7063142"
  integrity sha512-uEjpEYY6KMs1g7QfJ2eX1SQEV+ZT4rUD3UcF6l57acZvLNK7PBZL+ty82Z1qhK1/yXIY4bdx04FKMgR0g4IAag==

micromark-util-types@^1.0.0, micromark-util-types@^1.0.1:
  version "1.1.0"
  resolved "https://registry.yarnpkg.com/micromark-util-types/-/micromark-util-types-1.1.0.tgz#e6676a8cae0bb86a2171c498167971886cb7e283"
  integrity sha512-ukRBgie8TIAcacscVHSiddHjO4k/q3pnedmzMQ4iwDcK0FtFCohKOlFbaOL/mPgfnPsL3C1ZyxJa4sbWrBl3jg==

micromark@^3.2.0:
  version "3.2.0"
  resolved "https://registry.yarnpkg.com/micromark/-/micromark-3.2.0.tgz#1af9fef3f995ea1ea4ac9c7e2f19c48fd5c006e9"
  integrity sha512-uD66tJj54JLYq0De10AhWycZWGQNUvDI55xPgk2sQM5kn1JYlhbCMTtEeT27+vAhW2FBQxLlOmS3pmA7/2z4aA==
  dependencies:
    "@types/debug" "^4.0.0"
    debug "^4.0.0"
    decode-named-character-reference "^1.0.0"
    micromark-core-commonmark "^1.0.1"
    micromark-factory-space "^1.0.0"
    micromark-util-character "^1.0.0"
    micromark-util-chunked "^1.0.0"
    micromark-util-combine-extensions "^1.0.0"
    micromark-util-decode-numeric-character-reference "^1.0.0"
    micromark-util-encode "^1.0.0"
    micromark-util-normalize-identifier "^1.0.0"
    micromark-util-resolve-all "^1.0.0"
    micromark-util-sanitize-uri "^1.0.0"
    micromark-util-subtokenize "^1.0.0"
    micromark-util-symbol "^1.0.0"
    micromark-util-types "^1.0.1"
    uvu "^0.5.0"

mri@^1.1.0:
  version "1.2.0"
  resolved "https://registry.yarnpkg.com/mri/-/mri-1.2.0.tgz#6721480fec2a11a4889861115a48b6cbe7cc8f0b"
  integrity sha512-tzzskb3bG8LvYGFF/mDTpq3jpI6Q9wc3LEmBaghu+DdCssd1FakN7Bc0hVNmEyGq1bq3RgfkCb3cmQLpNPOroA==

ms@2.1.2:
  version "2.1.2"
  resolved "https://registry.yarnpkg.com/ms/-/ms-2.1.2.tgz#d09d1f357b443f493382a8eb3ccd183872ae6009"
  integrity sha512-sGkPx+VjMtmA6MX27oA4FBFELFCZZ4S4XqeGOXCv68tT+jb3vk/RyaKWP0PTKyWtmLSM0b+adUTEvbs1PEaH2w==

resolve-pkg-maps@^1.0.0:
  version "1.0.0"
  resolved "https://registry.yarnpkg.com/resolve-pkg-maps/-/resolve-pkg-maps-1.0.0.tgz#616b3dc2c57056b5588c31cdf4b3d64db133720f"
  integrity sha512-seS2Tj26TBVOC2NIc2rOe2y2ZO7efxITtLZcGSOnHHNOQ7CkiUBfw0Iw2ck6xkIhPwLhKNLS8BO+hEpngQlqzw==

sade@^1.7.3:
  version "1.8.1"
  resolved "https://registry.yarnpkg.com/sade/-/sade-1.8.1.tgz#0a78e81d658d394887be57d2a409bf703a3b2701"
  integrity sha512-xal3CZX1Xlo/k4ApwCFrHVACi9fBqJ7V+mwhBsuf/1IOKbBy098Fex+Wa/5QMubw09pSZ/u8EY8PWgevJsXp1A==
  dependencies:
    mri "^1.1.0"

source-map-support@^0.5.21:
  version "0.5.21"
  resolved "https://registry.yarnpkg.com/source-map-support/-/source-map-support-0.5.21.tgz#04fe7c7f9e1ed2d662233c28cb2b35b9f63f6e4f"
  integrity sha512-uBHU3L3czsIyYXKX88fdrGovxdSCoTGDRZ6SYXtSRxLZUzHg5P/66Ht6uoUlHu9EZod+inXhKo3qQgwXUT/y1w==
  dependencies:
    buffer-from "^1.0.0"
    source-map "^0.6.0"

source-map@^0.6.0:
  version "0.6.1"
  resolved "https://registry.yarnpkg.com/source-map/-/source-map-0.6.1.tgz#74722af32e9614e9c287a8d0bbde48b5e2f1a263"
  integrity sha512-UjgapumWlbMhkBgzT7Ykc5YXUT46F0iKu8SGXq0bcwP5dz/h0Plj6enJqjz1Zbq2l5WaqYnrVbwWOWMyF3F47g==

tsx@^3.12.7:
  version "3.12.7"
  resolved "https://registry.yarnpkg.com/tsx/-/tsx-3.12.7.tgz#b3b8b0fc79afc8260d1e14f9e995616c859a91e9"
  integrity sha512-C2Ip+jPmqKd1GWVQDvz/Eyc6QJbGfE7NrR3fx5BpEHMZsEHoIxHL1j+lKdGobr8ovEyqeNkPLSKp6SCSOt7gmw==
  dependencies:
    "@esbuild-kit/cjs-loader" "^2.4.2"
    "@esbuild-kit/core-utils" "^3.0.0"
    "@esbuild-kit/esm-loader" "^2.5.5"
  optionalDependencies:
    fsevents "~2.3.2"

typescript@^5.1.3:
  version "5.1.3"
  resolved "https://registry.yarnpkg.com/typescript/-/typescript-5.1.3.tgz#8d84219244a6b40b6fb2b33cc1c062f715b9e826"
  integrity sha512-XH627E9vkeqhlZFQuL+UsyAXEnibT0kWR2FWONlr4sTjvxyJYnyefgrkyECLzM5NenmKzRAy2rR/OlYLA1HkZw==

unist-util-position-from-estree@^1.0.0:
  version "1.1.2"
  resolved "https://registry.yarnpkg.com/unist-util-position-from-estree/-/unist-util-position-from-estree-1.1.2.tgz#8ac2480027229de76512079e377afbcabcfcce22"
  integrity sha512-poZa0eXpS+/XpoQwGwl79UUdea4ol2ZuCYguVaJS4qzIOMDzbqz8a3erUCOmubSZkaOuGamb3tX790iwOIROww==
  dependencies:
    "@types/unist" "^2.0.0"

unist-util-stringify-position@^3.0.0:
  version "3.0.3"
  resolved "https://registry.yarnpkg.com/unist-util-stringify-position/-/unist-util-stringify-position-3.0.3.tgz#03ad3348210c2d930772d64b489580c13a7db39d"
  integrity sha512-k5GzIBZ/QatR8N5X2y+drfpWG8IDBzdnVj6OInRNWm1oXrzydiaAT2OQiA8DPRRZyAKb9b6I2a6PxYklZD0gKg==
  dependencies:
    "@types/unist" "^2.0.0"

uvu@^0.5.0:
  version "0.5.6"
  resolved "https://registry.yarnpkg.com/uvu/-/uvu-0.5.6.tgz#2754ca20bcb0bb59b64e9985e84d2e81058502df"
  integrity sha512-+g8ENReyr8YsOc6fv/NVJs2vFdHBnBNdfE49rshrTzDWOlUx4Gq7KOS2GD8eqhy2j+Ejq29+SbKH8yjkAqXqoA==
  dependencies:
    dequal "^2.0.0"
    diff "^5.0.0"
    kleur "^4.0.3"
    sade "^1.7.3"

vfile-message@^3.0.0:
  version "3.1.4"
  resolved "https://registry.yarnpkg.com/vfile-message/-/vfile-message-3.1.4.tgz#15a50816ae7d7c2d1fa87090a7f9f96612b59dea"
  integrity sha512-fa0Z6P8HUrQN4BZaX05SIVXic+7kE3b05PWAtPuYP9QLHsLKYR7/AlLW3NtOrpXRLeawpDLMsVkmk5DG0NXgWw==
  dependencies:
    "@types/unist" "^2.0.0"
    unist-util-stringify-position "^3.0.0"
